
Microsoft Visual Studio Solution File, Format Version 12.00
# Visual Studio Version 17
VisualStudioVersion = 17.0.31903.59
MinimumVisualStudioVersion = 10.0.40219.1
Project("{FAE04EC0-301F-11D3-BF4B-00C04F79EFBC}") = "Librory.Domain", "src\Librory.Domain\Librory.Domain.csproj", "{E8D9D0D2-3E5E-4F45-8E8D-0D9E8EAA0001}"
EndProject
Project("{FAE04EC0-301F-11D3-BF4B-00C04F79EFBC}") = "Librory.Application", "src\Librory.Application\Librory.Application.csproj", "{E8D9D0D2-3E5E-4F45-8E8D-0D9E8EAA0002}"
EndProject
Project("{FAE04EC0-301F-11D3-BF4B-00C04F79EFBC}") = "Librory.Infrastructure", "src\Librory.Infrastructure\Librory.Infrastructure.csproj", "{E8D9D0D2-3E5E-4F45-8E8D-0D9E8EAA0003}"
EndProject
Project("{FAE04EC0-301F-11D3-BF4B-00C04F79EFBC}") = "Librory.ServiceDefaults", "src\Librory.ServiceDefaults\Librory.ServiceDefaults.csproj", "{E8D9D0D2-3E5E-4F45-8E8D-0D9E8EAA0004}"
EndProject
Project("{FAE04EC0-301F-11D3-BF4B-00C04F79EFBC}") = "Librory.Api", "src\Librory.Api\Librory.Api.csproj", "{E8D9D0D2-3E5E-4F45-8E8D-0D9E8EAA0005}"
EndProject
Project("{FAE04EC0-301F-11D3-BF4B-00C04F79EFBC}") = "Librory.AppHost", "src\Librory.AppHost\Librory.AppHost.csproj", "{E8D9D0D2-3E5E-4F45-8E8D-0D9E8EAA0006}"
EndProject
Project("{FAE04EC0-301F-11D3-BF4B-00C04F79EFBC}") = "Librory.Domain.Tests", "tests\Librory.Domain.Tests\Librory.Domain.Tests.csproj", "{E8D9D0D2-3E5E-4F45-8E8D-0D9E8EAA0007}"
EndProject
Project("{FAE04EC0-301F-11D3-BF4B-00C04F79EFBC}") = "Librory.Application.Tests", "tests\Librory.Application.Tests\Librory.Application.Tests.csproj", "{E8D9D0D2-3E5E-4F45-8E8D-0D9E8EAA0008}"
EndProject
Project("{2150E333-8FDC-42A3-9474-1A3956D46DE8}") = "tests", "tests", "{0AB3BF05-4346-4AA6-1389-037BE0695223}"
EndProject
Project("{FAE04EC0-301F-11D3-BF4B-00C04F79EFBC}") = "Librory.Api.Tests", "tests\Librory.Api.Tests\Librory.Api.Tests.csproj", "{3B3A82D2-3D0D-458F-A407-02DB5BAFEFF1}"
EndProject
Project("{2150E333-8FDC-42A3-9474-1A3956D46DE8}") = "src", "src", "{827E0CD3-B72D-47B6-A68D-7590B98EB39B}"
EndProject
Global
	GlobalSection(SolutionConfigurationPlatforms) = preSolution
		Debug|Any CPU = Debug|Any CPU
		Debug|x64 = Debug|x64
		Debug|x86 = Debug|x86
		Release|Any CPU = Release|Any CPU
		Release|x64 = Release|x64
		Release|x86 = Release|x86
	EndGlobalSection
	GlobalSection(ProjectConfigurationPlatforms) = postSolution
		{E8D9D0D2-3E5E-4F45-8E8D-0D9E8EAA0001}.Debug|Any CPU.ActiveCfg = Debug|Any CPU
		{E8D9D0D2-3E5E-4F45-8E8D-0D9E8EAA0001}.Debug|Any CPU.Build.0 = Debug|Any CPU
		{E8D9D0D2-3E5E-4F45-8E8D-0D9E8EAA0001}.Debug|x64.ActiveCfg = Debug|Any CPU
		{E8D9D0D2-3E5E-4F45-8E8D-0D9E8EAA0001}.Debug|x64.Build.0 = Debug|Any CPU
		{E8D9D0D2-3E5E-4F45-8E8D-0D9E8EAA0001}.Debug|x86.ActiveCfg = Debug|Any CPU
		{E8D9D0D2-3E5E-4F45-8E8D-0D9E8EAA0001}.Debug|x86.Build.0 = Debug|Any CPU
		{E8D9D0D2-3E5E-4F45-8E8D-0D9E8EAA0001}.Release|Any CPU.ActiveCfg = Release|Any CPU
		{E8D9D0D2-3E5E-4F45-8E8D-0D9E8EAA0001}.Release|Any CPU.Build.0 = Release|Any CPU
		{E8D9D0D2-3E5E-4F45-8E8D-0D9E8EAA0001}.Release|x64.ActiveCfg = Release|Any CPU
		{E8D9D0D2-3E5E-4F45-8E8D-0D9E8EAA0001}.Release|x64.Build.0 = Release|Any CPU
		{E8D9D0D2-3E5E-4F45-8E8D-0D9E8EAA0001}.Release|x86.ActiveCfg = Release|Any CPU
		{E8D9D0D2-3E5E-4F45-8E8D-0D9E8EAA0001}.Release|x86.Build.0 = Release|Any CPU
		{E8D9D0D2-3E5E-4F45-8E8D-0D9E8EAA0002}.Debug|Any CPU.ActiveCfg = Debug|Any CPU
		{E8D9D0D2-3E5E-4F45-8E8D-0D9E8EAA0002}.Debug|Any CPU.Build.0 = Debug|Any CPU
		{E8D9D0D2-3E5E-4F45-8E8D-0D9E8EAA0002}.Debug|x64.ActiveCfg = Debug|Any CPU
		{E8D9D0D2-3E5E-4F45-8E8D-0D9E8EAA0002}.Debug|x64.Build.0 = Debug|Any CPU
		{E8D9D0D2-3E5E-4F45-8E8D-0D9E8EAA0002}.Debug|x86.ActiveCfg = Debug|Any CPU
		{E8D9D0D2-3E5E-4F45-8E8D-0D9E8EAA0002}.Debug|x86.Build.0 = Debug|Any CPU
		{E8D9D0D2-3E5E-4F45-8E8D-0D9E8EAA0002}.Release|Any CPU.ActiveCfg = Release|Any CPU
		{E8D9D0D2-3E5E-4F45-8E8D-0D9E8EAA0002}.Release|Any CPU.Build.0 = Release|Any CPU
		{E8D9D0D2-3E5E-4F45-8E8D-0D9E8EAA0002}.Release|x64.ActiveCfg = Release|Any CPU
		{E8D9D0D2-3E5E-4F45-8E8D-0D9E8EAA0002}.Release|x64.Build.0 = Release|Any CPU
		{E8D9D0D2-3E5E-4F45-8E8D-0D9E8EAA0002}.Release|x86.ActiveCfg = Release|Any CPU
		{E8D9D0D2-3E5E-4F45-8E8D-0D9E8EAA0002}.Release|x86.Build.0 = Release|Any CPU
		{E8D9D0D2-3E5E-4F45-8E8D-0D9E8EAA0003}.Debug|Any CPU.ActiveCfg = Debug|Any CPU
		{E8D9D0D2-3E5E-4F45-8E8D-0D9E8EAA0003}.Debug|Any CPU.Build.0 = Debug|Any CPU
		{E8D9D0D2-3E5E-4F45-8E8D-0D9E8EAA0003}.Debug|x64.ActiveCfg = Debug|Any CPU
		{E8D9D0D2-3E5E-4F45-8E8D-0D9E8EAA0003}.Debug|x64.Build.0 = Debug|Any CPU
		{E8D9D0D2-3E5E-4F45-8E8D-0D9E8EAA0003}.Debug|x86.ActiveCfg = Debug|Any CPU
		{E8D9D0D2-3E5E-4F45-8E8D-0D9E8EAA0003}.Debug|x86.Build.0 = Debug|Any CPU
		{E8D9D0D2-3E5E-4F45-8E8D-0D9E8EAA0003}.Release|Any CPU.ActiveCfg = Release|Any CPU
		{E8D9D0D2-3E5E-4F45-8E8D-0D9E8EAA0003}.Release|Any CPU.Build.0 = Release|Any CPU
		{E8D9D0D2-3E5E-4F45-8E8D-0D9E8EAA0003}.Release|x64.ActiveCfg = Release|Any CPU
		{E8D9D0D2-3E5E-4F45-8E8D-0D9E8EAA0003}.Release|x64.Build.0 = Release|Any CPU
		{E8D9D0D2-3E5E-4F45-8E8D-0D9E8EAA0003}.Release|x86.ActiveCfg = Release|Any CPU
		{E8D9D0D2-3E5E-4F45-8E8D-0D9E8EAA0003}.Release|x86.Build.0 = Release|Any CPU
		{E8D9D0D2-3E5E-4F45-8E8D-0D9E8EAA0004}.Debug|Any CPU.ActiveCfg = Debug|Any CPU
		{E8D9D0D2-3E5E-4F45-8E8D-0D9E8EAA0004}.Debug|Any CPU.Build.0 = Debug|Any CPU
		{E8D9D0D2-3E5E-4F45-8E8D-0D9E8EAA0004}.Debug|x64.ActiveCfg = Debug|Any CPU
		{E8D9D0D2-3E5E-4F45-8E8D-0D9E8EAA0004}.Debug|x64.Build.0 = Debug|Any CPU
		{E8D9D0D2-3E5E-4F45-8E8D-0D9E8EAA0004}.Debug|x86.ActiveCfg = Debug|Any CPU
		{E8D9D0D2-3E5E-4F45-8E8D-0D9E8EAA0004}.Debug|x86.Build.0 = Debug|Any CPU
		{E8D9D0D2-3E5E-4F45-8E8D-0D9E8EAA0004}.Release|Any CPU.ActiveCfg = Release|Any CPU
		{E8D9D0D2-3E5E-4F45-8E8D-0D9E8EAA0004}.Release|Any CPU.Build.0 = Release|Any CPU
		{E8D9D0D2-3E5E-4F45-8E8D-0D9E8EAA0004}.Release|x64.ActiveCfg = Release|Any CPU
		{E8D9D0D2-3E5E-4F45-8E8D-0D9E8EAA0004}.Release|x64.Build.0 = Release|Any CPU
		{E8D9D0D2-3E5E-4F45-8E8D-0D9E8EAA0004}.Release|x86.ActiveCfg = Release|Any CPU
		{E8D9D0D2-3E5E-4F45-8E8D-0D9E8EAA0004}.Release|x86.Build.0 = Release|Any CPU
		{E8D9D0D2-3E5E-4F45-8E8D-0D9E8EAA0005}.Debug|Any CPU.ActiveCfg = Debug|Any CPU
		{E8D9D0D2-3E5E-4F45-8E8D-0D9E8EAA0005}.Debug|Any CPU.Build.0 = Debug|Any CPU
		{E8D9D0D2-3E5E-4F45-8E8D-0D9E8EAA0005}.Debug|x64.ActiveCfg = Debug|Any CPU
		{E8D9D0D2-3E5E-4F45-8E8D-0D9E8EAA0005}.Debug|x64.Build.0 = Debug|Any CPU
		{E8D9D0D2-3E5E-4F45-8E8D-0D9E8EAA0005}.Debug|x86.ActiveCfg = Debug|Any CPU
		{E8D9D0D2-3E5E-4F45-8E8D-0D9E8EAA0005}.Debug|x86.Build.0 = Debug|Any CPU
		{E8D9D0D2-3E5E-4F45-8E8D-0D9E8EAA0005}.Release|Any CPU.ActiveCfg = Release|Any CPU
		{E8D9D0D2-3E5E-4F45-8E8D-0D9E8EAA0005}.Release|Any CPU.Build.0 = Release|Any CPU
		{E8D9D0D2-3E5E-4F45-8E8D-0D9E8EAA0005}.Release|x64.ActiveCfg = Release|Any CPU
		{E8D9D0D2-3E5E-4F45-8E8D-0D9E8EAA0005}.Release|x64.Build.0 = Release|Any CPU
		{E8D9D0D2-3E5E-4F45-8E8D-0D9E8EAA0005}.Release|x86.ActiveCfg = Release|Any CPU
		{E8D9D0D2-3E5E-4F45-8E8D-0D9E8EAA0005}.Release|x86.Build.0 = Release|Any CPU
		{E8D9D0D2-3E5E-4F45-8E8D-0D9E8EAA0006}.Debug|Any CPU.ActiveCfg = Debug|Any CPU
		{E8D9D0D2-3E5E-4F45-8E8D-0D9E8EAA0006}.Debug|Any CPU.Build.0 = Debug|Any CPU
		{E8D9D0D2-3E5E-4F45-8E8D-0D9E8EAA0006}.Debug|x64.ActiveCfg = Debug|Any CPU
		{E8D9D0D2-3E5E-4F45-8E8D-0D9E8EAA0006}.Debug|x64.Build.0 = Debug|Any CPU
		{E8D9D0D2-3E5E-4F45-8E8D-0D9E8EAA0006}.Debug|x86.ActiveCfg = Debug|Any CPU
		{E8D9D0D2-3E5E-4F45-8E8D-0D9E8EAA0006}.Debug|x86.Build.0 = Debug|Any CPU
		{E8D9D0D2-3E5E-4F45-8E8D-0D9E8EAA0006}.Release|Any CPU.ActiveCfg = Release|Any CPU
		{E8D9D0D2-3E5E-4F45-8E8D-0D9E8EAA0006}.Release|Any CPU.Build.0 = Release|Any CPU
		{E8D9D0D2-3E5E-4F45-8E8D-0D9E8EAA0006}.Release|x64.ActiveCfg = Release|Any CPU
		{E8D9D0D2-3E5E-4F45-8E8D-0D9E8EAA0006}.Release|x64.Build.0 = Release|Any CPU
		{E8D9D0D2-3E5E-4F45-8E8D-0D9E8EAA0006}.Release|x86.ActiveCfg = Release|Any CPU
		{E8D9D0D2-3E5E-4F45-8E8D-0D9E8EAA0006}.Release|x86.Build.0 = Release|Any CPU
		{E8D9D0D2-3E5E-4F45-8E8D-0D9E8EAA0007}.Debug|Any CPU.ActiveCfg = Debug|Any CPU
		{E8D9D0D2-3E5E-4F45-8E8D-0D9E8EAA0007}.Debug|Any CPU.Build.0 = Debug|Any CPU
		{E8D9D0D2-3E5E-4F45-8E8D-0D9E8EAA0007}.Debug|x64.ActiveCfg = Debug|Any CPU
		{E8D9D0D2-3E5E-4F45-8E8D-0D9E8EAA0007}.Debug|x64.Build.0 = Debug|Any CPU
		{E8D9D0D2-3E5E-4F45-8E8D-0D9E8EAA0007}.Debug|x86.ActiveCfg = Debug|Any CPU
		{E8D9D0D2-3E5E-4F45-8E8D-0D9E8EAA0007}.Debug|x86.Build.0 = Debug|Any CPU
		{E8D9D0D2-3E5E-4F45-8E8D-0D9E8EAA0007}.Release|Any CPU.ActiveCfg = Release|Any CPU
		{E8D9D0D2-3E5E-4F45-8E8D-0D9E8EAA0007}.Release|Any CPU.Build.0 = Release|Any CPU
		{E8D9D0D2-3E5E-4F45-8E8D-0D9E8EAA0007}.Release|x64.ActiveCfg = Release|Any CPU
		{E8D9D0D2-3E5E-4F45-8E8D-0D9E8EAA0007}.Release|x64.Build.0 = Release|Any CPU
		{E8D9D0D2-3E5E-4F45-8E8D-0D9E8EAA0007}.Release|x86.ActiveCfg = Release|Any CPU
		{E8D9D0D2-3E5E-4F45-8E8D-0D9E8EAA0007}.Release|x86.Build.0 = Release|Any CPU
		{E8D9D0D2-3E5E-4F45-8E8D-0D9E8EAA0008}.Debug|Any CPU.ActiveCfg = Debug|Any CPU
		{E8D9D0D2-3E5E-4F45-8E8D-0D9E8EAA0008}.Debug|Any CPU.Build.0 = Debug|Any CPU
		{E8D9D0D2-3E5E-4F45-8E8D-0D9E8EAA0008}.Debug|x64.ActiveCfg = Debug|Any CPU
		{E8D9D0D2-3E5E-4F45-8E8D-0D9E8EAA0008}.Debug|x64.Build.0 = Debug|Any CPU
		{E8D9D0D2-3E5E-4F45-8E8D-0D9E8EAA0008}.Debug|x86.ActiveCfg = Debug|Any CPU
		{E8D9D0D2-3E5E-4F45-8E8D-0D9E8EAA0008}.Debug|x86.Build.0 = Debug|Any CPU
		{E8D9D0D2-3E5E-4F45-8E8D-0D9E8EAA0008}.Release|Any CPU.ActiveCfg = Release|Any CPU
		{E8D9D0D2-3E5E-4F45-8E8D-0D9E8EAA0008}.Release|Any CPU.Build.0 = Release|Any CPU
		{E8D9D0D2-3E5E-4F45-8E8D-0D9E8EAA0008}.Release|x64.ActiveCfg = Release|Any CPU
		{E8D9D0D2-3E5E-4F45-8E8D-0D9E8EAA0008}.Release|x64.Build.0 = Release|Any CPU
		{E8D9D0D2-3E5E-4F45-8E8D-0D9E8EAA0008}.Release|x86.ActiveCfg = Release|Any CPU
		{E8D9D0D2-3E5E-4F45-8E8D-0D9E8EAA0008}.Release|x86.Build.0 = Release|Any CPU
		{3B3A82D2-3D0D-458F-A407-02DB5BAFEFF1}.Debug|Any CPU.ActiveCfg = Debug|Any CPU
		{3B3A82D2-3D0D-458F-A407-02DB5BAFEFF1}.Debug|Any CPU.Build.0 = Debug|Any CPU
		{3B3A82D2-3D0D-458F-A407-02DB5BAFEFF1}.Debug|x64.ActiveCfg = Debug|Any CPU
		{3B3A82D2-3D0D-458F-A407-02DB5BAFEFF1}.Debug|x64.Build.0 = Debug|Any CPU
		{3B3A82D2-3D0D-458F-A407-02DB5BAFEFF1}.Debug|x86.ActiveCfg = Debug|Any CPU
		{3B3A82D2-3D0D-458F-A407-02DB5BAFEFF1}.Debug|x86.Build.0 = Debug|Any CPU
		{3B3A82D2-3D0D-458F-A407-02DB5BAFEFF1}.Release|Any CPU.ActiveCfg = Release|Any CPU
		{3B3A82D2-3D0D-458F-A407-02DB5BAFEFF1}.Release|Any CPU.Build.0 = Release|Any CPU
		{3B3A82D2-3D0D-458F-A407-02DB5BAFEFF1}.Release|x64.ActiveCfg = Release|Any CPU
		{3B3A82D2-3D0D-458F-A407-02DB5BAFEFF1}.Release|x64.Build.0 = Release|Any CPU
		{3B3A82D2-3D0D-458F-A407-02DB5BAFEFF1}.Release|x86.ActiveCfg = Release|Any CPU
		{3B3A82D2-3D0D-458F-A407-02DB5BAFEFF1}.Release|x86.Build.0 = Release|Any CPU
	EndGlobalSection
	GlobalSection(SolutionProperties) = preSolution
		HideSolutionNode = FALSE
	EndGlobalSection
	GlobalSection(NestedProjects) = preSolution
		{3B3A82D2-3D0D-458F-A407-02DB5BAFEFF1} = {0AB3BF05-4346-4AA6-1389-037BE0695223}
	EndGlobalSection
EndGlobal
